Microsoft Visual Studio Solution File, Format Version 12.00
# Visual Studio 15
VisualStudioVersion = 15.0.28307.572
MinimumVisualStudioVersion = 10.0.40219.1
Project("{8BC9CEB8-8B4A-11D0-8D11-00A0C91BC942}") = "CFlashingButton", "CFlashingButton\CFlashingButton.vcxproj", "{5EF463D1-DAA0-4252-9A49-986E438FE9C5}"
EndProject
Global
	GlobalSection(SolutionConfigurationPlatforms) = preSolution
		Debug|x64 = Debug|x64
		Debug|x86 = Debug|x86
		Release|x64 = Release|x64
		Release|x86 = Release|x86
	EndGlobalSection
	GlobalSection(ProjectConfigurationPlatforms) = postSolution
		{5EF463D1-DAA0-4252-9A49-986E438FE9C5}.Debug|x64.ActiveCfg = Debug|x64
		{5EF463D1-DAA0-4252-9A49-986E438FE9C5}.Debug|x64.Build.0 = Debug|x64
		{5EF463D1-DAA0-4252-9A49-986E438FE9C5}.Debug|x86.ActiveCfg = Debug|Win32
		{5EF463D1-DAA0-4252-9A49-986E438FE9C5}.Debug|x86.Build.0 = Debug|Win32
		{5EF463D1-DAA0-4252-9A49-986E438FE9C5}.Release|x64.ActiveCfg = Release|x64
		{5EF463D1-DAA0-4252-9A49-986E438FE9C5}.Release|x64.Build.0 = Release|x64
		{5EF463D1-DAA0-4252-9A49-986E438FE9C5}.Release|x86.ActiveCfg = Release|Win32
		{5EF463D1-DAA0-4252-9A49-986E438FE9C5}.Release|x86.Build.0 = Release|Win32
	EndGlobalSection
	GlobalSection(SolutionProperties) = preSolution
		HideSolutionNode = FALSE
	EndGlobalSection
	GlobalSection(ExtensibilityGlobals) = postSolution
		SolutionGuid = {8FBF7EF9-55EA-46B9-832B-8E8616504F1A}
	EndGlobalSection
EndGlobal
